
Microsoft Visual Studio Solution File, Format Version 12.00
# Visual Studio Version 16
VisualStudioVersion = 16.0.29409.12
MinimumVisualStudioVersion = 10.0.40219.1
Project("{FAE04EC0-301F-11D3-BF4B-00C04F79EFBC}") = "bookstore", "bookstore\bookstore.csproj", "{A46BD3F7-A3BC-4598-A829-CFF4376B384F}"
EndProject
Global
	GlobalSection(SolutionConfigurationPlatforms) = preSolution
		Debug|Any CPU = Debug|Any CPU
		Release|Any CPU = Release|Any CPU
	EndGlobalSection
	GlobalSection(ProjectConfigurationPlatforms) = postSolution
		{A46BD3F7-A3BC-4598-A829-CFF4376B384F}.Debug|Any CPU.ActiveCfg = Debug|Any CPU
		{A46BD3F7-A3BC-4598-A829-CFF4376B384F}.Debug|Any CPU.Build.0 = Debug|Any CPU
		{A46BD3F7-A3BC-4598-A829-CFF4376B384F}.Release|Any CPU.ActiveCfg = Release|Any CPU
		{A46BD3F7-A3BC-4598-A829-CFF4376B384F}.Release|Any CPU.Build.0 = Release|Any CPU
	EndGlobalSection
	GlobalSection(SolutionProperties) = preSolution
		HideSolutionNode = FALSE
	EndGlobalSection
	GlobalSection(ExtensibilityGlobals) = postSolution
		SolutionGuid = {5B765417-F2B1-409B-A5FA-E41DECC9C8AF}
	EndGlobalSection
EndGlobal
